
Microsoft Visual Studio Solution File, Format Version 12.00
# Visual Studio Version 17
VisualStudioVersion = 17.4.33122.133
MinimumVisualStudioVersion = 10.0.40219.1
Project("{FAE04EC0-301F-11D3-BF4B-00C04F79EFBC}") = "ConsoleApp1", "ConsoleApp1.csproj", "{B9BDAAE5-7C54-44FC-9DCD-2942787741BD}"
EndProject
Global
	GlobalSection(SolutionConfigurationPlatforms) = preSolution
		Debug|Any CPU = Debug|Any CPU
		Release|Any CPU = Release|Any CPU
	EndGlobalSection
	GlobalSection(ProjectConfigurationPlatforms) = postSolution
		{B9BDAAE5-7C54-44FC-9DCD-2942787741BD}.Debug|Any CPU.ActiveCfg = Debug|Any CPU
		{B9BDAAE5-7C54-44FC-9DCD-2942787741BD}.Debug|Any CPU.Build.0 = Debug|Any CPU
		{B9BDAAE5-7C54-44FC-9DCD-2942787741BD}.Release|Any CPU.ActiveCfg = Release|Any CPU
		{B9BDAAE5-7C54-44FC-9DCD-2942787741BD}.Release|Any CPU.Build.0 = Release|Any CPU
	EndGlobalSection
	GlobalSection(SolutionProperties) = preSolution
		HideSolutionNode = FALSE
	EndGlobalSection
	GlobalSection(ExtensibilityGlobals) = postSolution
		SolutionGuid = {37A27454-588A-4840-A8C5-3AA3D0669B44}
	EndGlobalSection
EndGlobal
